
Microsoft Visual Studio Solution File, Format Version 12.00
# Visual Studio Version 17
VisualStudioVersion = 17.7.34202.233
MinimumVisualStudioVersion = 10.0.40219.1
Project("{FAE04EC0-301F-11D3-BF4B-00C04F79EFBC}") = "RockPaper", "RockPaper.csproj", "{52195A95-9504-4F00-B974-40B3BB7E2778}"
EndProject
Global
	GlobalSection(SolutionConfigurationPlatforms) = preSolution
		Debug|Any CPU = Debug|Any CPU
		Release|Any CPU = Release|Any CPU
	EndGlobalSection
	GlobalSection(ProjectConfigurationPlatforms) = postSolution
		{52195A95-9504-4F00-B974-40B3BB7E2778}.Debug|Any CPU.ActiveCfg = Debug|Any CPU
		{52195A95-9504-4F00-B974-40B3BB7E2778}.Debug|Any CPU.Build.0 = Debug|Any CPU
		{52195A95-9504-4F00-B974-40B3BB7E2778}.Release|Any CPU.ActiveCfg = Release|Any CPU
		{52195A95-9504-4F00-B974-40B3BB7E2778}.Release|Any CPU.Build.0 = Release|Any CPU
	EndGlobalSection
	GlobalSection(SolutionProperties) = preSolution
		HideSolutionNode = FALSE
	EndGlobalSection
	GlobalSection(ExtensibilityGlobals) = postSolution
		SolutionGuid = {C82F14DE-0BBD-4F82-8059-CB470A339EA4}
	EndGlobalSection
EndGlobal
